Microsoft Visual Studio Solution File, Format Version 12.00
# Visual Studio Version 17
VisualStudioVersion = 17.0.31903.59
MinimumVisualStudioVersion = 10.0.40219.1
Project("{2150E333-8FDC-42A3-9474-1A3956D46DE8}") = "src", "src", "{4A7D3C5E-9B8F-4E3A-8F1D-5C2B7E8A9D3F}"
EndProject
Project("{2150E333-8FDC-42A3-9474-1A3956D46DE8}") = "tests", "tests", "{A4F3E4BA-DBE6-4F61-A1A2-4700C2F4F535}"
EndProject
Project("{FAE04EC0-301F-11D3-BF4B-00C04F79EFBC}") = "SmartOTP.Domain", "src\SmartOTP.Domain\SmartOTP.Domain.csproj", "{A1B2C3D4-E5F6-4A5B-8C9D-0E1F2A3B4C5D}"
EndProject
Project("{FAE04EC0-301F-11D3-BF4B-00C04F79EFBC}") = "SmartOTP.Application", "src\SmartOTP.Application\SmartOTP.Application.csproj", "{B2C3D4E5-F6A7-5B6C-9D0E-1F2A3B4C5D6E}"
EndProject
Project("{FAE04EC0-301F-11D3-BF4B-00C04F79EFBC}") = "SmartOTP.Infrastructure", "src\SmartOTP.Infrastructure\SmartOTP.Infrastructure.csproj", "{C3D4E5F6-A7B8-6C7D-0E1F-2A3B4C5D6E7F}"
EndProject
Project("{FAE04EC0-301F-11D3-BF4B-00C04F79EFBC}") = "SmartOTP.API", "src\SmartOTP.API\SmartOTP.API.csproj", "{D4E5F6A7-B8C9-7D8E-1F2A-3B4C5D6E7F8A}"
EndProject
Project("{2150E333-8FDC-42A3-9474-1A3956D46DE8}") = "libs", "libs", "{02EA681E-C7D8-13C7-8484-4AC65E1B71E8}"
EndProject
Project("{2150E333-8FDC-42A3-9474-1A3956D46DE8}") = "presentations", "presentations", "{0390FD89-7E46-4E2A-B7EF-32D80B74C3BA}"
EndProject
Project("{2150E333-8FDC-42A3-9474-1A3956D46DE8}") = "libs", "libs", "{35BB8ACB-B559-4F5E-AE3A-D9969B3394EC}"
EndProject
Project("{2150E333-8FDC-42A3-9474-1A3956D46DE8}") = "presentations", "presentations", "{3F106AE6-47AE-46EF-95C3-153B77212930}"
EndProject
Project("{FAE04EC0-301F-11D3-BF4B-00C04F79EFBC}") = "SmartOTP.Domain.Tests", "tests\SmartOTP.Domain.Tests\SmartOTP.Domain.Tests.csproj", "{40BBCAF3-7C2F-8907-5739-B6DFE70A8D52}"
EndProject
Project("{FAE04EC0-301F-11D3-BF4B-00C04F79EFBC}") = "SmartOTP.Application.Tests", "tests\SmartOTP.Application.Tests\SmartOTP.Application.Tests.csproj", "{30D49268-AB72-4C85-A9B6-680896DEE6AA}"
EndProject
Project("{FAE04EC0-301F-11D3-BF4B-00C04F79EFBC}") = "SmartOTP.Infrastructure.Tests", "tests\SmartOTP.Infrastructure.Tests\SmartOTP.Infrastructure.Tests.csproj", "{4810D838-F5DB-4578-B665-97909CAEBA96}"
EndProject
Project("{FAE04EC0-301F-11D3-BF4B-00C04F79EFBC}") = "SmartOTP.API.Tests", "tests\SmartOTP.API.Tests\SmartOTP.API.Tests.csproj", "{8FC95D2B-6FD0-B7A4-A58F-142CEBC83BC7}"
EndProject
Global
	GlobalSection(SolutionConfigurationPlatforms) = preSolution
		Debug|Any CPU = Debug|Any CPU
		Release|Any CPU = Release|Any CPU
	EndGlobalSection
	GlobalSection(ProjectConfigurationPlatforms) = postSolution
		{A1B2C3D4-E5F6-4A5B-8C9D-0E1F2A3B4C5D}.Debug|Any CPU.ActiveCfg = Debug|Any CPU
		{A1B2C3D4-E5F6-4A5B-8C9D-0E1F2A3B4C5D}.Debug|Any CPU.Build.0 = Debug|Any CPU
		{A1B2C3D4-E5F6-4A5B-8C9D-0E1F2A3B4C5D}.Release|Any CPU.ActiveCfg = Release|Any CPU
		{A1B2C3D4-E5F6-4A5B-8C9D-0E1F2A3B4C5D}.Release|Any CPU.Build.0 = Release|Any CPU
		{B2C3D4E5-F6A7-5B6C-9D0E-1F2A3B4C5D6E}.Debug|Any CPU.ActiveCfg = Debug|Any CPU
		{B2C3D4E5-F6A7-5B6C-9D0E-1F2A3B4C5D6E}.Debug|Any CPU.Build.0 = Debug|Any CPU
		{B2C3D4E5-F6A7-5B6C-9D0E-1F2A3B4C5D6E}.Release|Any CPU.ActiveCfg = Release|Any CPU
		{B2C3D4E5-F6A7-5B6C-9D0E-1F2A3B4C5D6E}.Release|Any CPU.Build.0 = Release|Any CPU
		{C3D4E5F6-A7B8-6C7D-0E1F-2A3B4C5D6E7F}.Debug|Any CPU.ActiveCfg = Debug|Any CPU
		{C3D4E5F6-A7B8-6C7D-0E1F-2A3B4C5D6E7F}.Debug|Any CPU.Build.0 = Debug|Any CPU
		{C3D4E5F6-A7B8-6C7D-0E1F-2A3B4C5D6E7F}.Release|Any CPU.ActiveCfg = Release|Any CPU
		{C3D4E5F6-A7B8-6C7D-0E1F-2A3B4C5D6E7F}.Release|Any CPU.Build.0 = Release|Any CPU
		{D4E5F6A7-B8C9-7D8E-1F2A-3B4C5D6E7F8A}.Debug|Any CPU.ActiveCfg = Debug|Any CPU
		{D4E5F6A7-B8C9-7D8E-1F2A-3B4C5D6E7F8A}.Debug|Any CPU.Build.0 = Debug|Any CPU
		{D4E5F6A7-B8C9-7D8E-1F2A-3B4C5D6E7F8A}.Release|Any CPU.ActiveCfg = Release|Any CPU
		{D4E5F6A7-B8C9-7D8E-1F2A-3B4C5D6E7F8A}.Release|Any CPU.Build.0 = Release|Any CPU
		{40BBCAF3-7C2F-8907-5739-B6DFE70A8D52}.Debug|Any CPU.ActiveCfg = Debug|Any CPU
		{40BBCAF3-7C2F-8907-5739-B6DFE70A8D52}.Debug|Any CPU.Build.0 = Debug|Any CPU
		{40BBCAF3-7C2F-8907-5739-B6DFE70A8D52}.Release|Any CPU.ActiveCfg = Release|Any CPU
		{40BBCAF3-7C2F-8907-5739-B6DFE70A8D52}.Release|Any CPU.Build.0 = Release|Any CPU
		{30D49268-AB72-4C85-A9B6-680896DEE6AA}.Debug|Any CPU.ActiveCfg = Debug|Any CPU
		{30D49268-AB72-4C85-A9B6-680896DEE6AA}.Debug|Any CPU.Build.0 = Debug|Any CPU
		{30D49268-AB72-4C85-A9B6-680896DEE6AA}.Release|Any CPU.ActiveCfg = Release|Any CPU
		{30D49268-AB72-4C85-A9B6-680896DEE6AA}.Release|Any CPU.Build.0 = Release|Any CPU
		{4810D838-F5DB-4578-B665-97909CAEBA96}.Debug|Any CPU.ActiveCfg = Debug|Any CPU
		{4810D838-F5DB-4578-B665-97909CAEBA96}.Debug|Any CPU.Build.0 = Debug|Any CPU
		{4810D838-F5DB-4578-B665-97909CAEBA96}.Release|Any CPU.ActiveCfg = Release|Any CPU
		{4810D838-F5DB-4578-B665-97909CAEBA96}.Release|Any CPU.Build.0 = Release|Any CPU
		{8FC95D2B-6FD0-B7A4-A58F-142CEBC83BC7}.Debug|Any CPU.ActiveCfg = Debug|Any CPU
		{8FC95D2B-6FD0-B7A4-A58F-142CEBC83BC7}.Debug|Any CPU.Build.0 = Debug|Any CPU
		{8FC95D2B-6FD0-B7A4-A58F-142CEBC83BC7}.Release|Any CPU.ActiveCfg = Release|Any CPU
		{8FC95D2B-6FD0-B7A4-A58F-142CEBC83BC7}.Release|Any CPU.Build.0 = Release|Any CPU
	EndGlobalSection
	GlobalSection(SolutionProperties) = preSolution
		HideSolutionNode = FALSE
	EndGlobalSection
	GlobalSection(NestedProjects) = preSolution
		{A1B2C3D4-E5F6-4A5B-8C9D-0E1F2A3B4C5D} = {02EA681E-C7D8-13C7-8484-4AC65E1B71E8}
		{B2C3D4E5-F6A7-5B6C-9D0E-1F2A3B4C5D6E} = {02EA681E-C7D8-13C7-8484-4AC65E1B71E8}
		{C3D4E5F6-A7B8-6C7D-0E1F-2A3B4C5D6E7F} = {02EA681E-C7D8-13C7-8484-4AC65E1B71E8}
		{D4E5F6A7-B8C9-7D8E-1F2A-3B4C5D6E7F8A} = {0390FD89-7E46-4E2A-B7EF-32D80B74C3BA}
		{02EA681E-C7D8-13C7-8484-4AC65E1B71E8} = {4A7D3C5E-9B8F-4E3A-8F1D-5C2B7E8A9D3F}
		{0390FD89-7E46-4E2A-B7EF-32D80B74C3BA} = {4A7D3C5E-9B8F-4E3A-8F1D-5C2B7E8A9D3F}
		{35BB8ACB-B559-4F5E-AE3A-D9969B3394EC} = {A4F3E4BA-DBE6-4F61-A1A2-4700C2F4F535}
		{3F106AE6-47AE-46EF-95C3-153B77212930} = {A4F3E4BA-DBE6-4F61-A1A2-4700C2F4F535}
		{40BBCAF3-7C2F-8907-5739-B6DFE70A8D52} = {35BB8ACB-B559-4F5E-AE3A-D9969B3394EC}
		{30D49268-AB72-4C85-A9B6-680896DEE6AA} = {35BB8ACB-B559-4F5E-AE3A-D9969B3394EC}
		{4810D838-F5DB-4578-B665-97909CAEBA96} = {35BB8ACB-B559-4F5E-AE3A-D9969B3394EC}
		{8FC95D2B-6FD0-B7A4-A58F-142CEBC83BC7} = {3F106AE6-47AE-46EF-95C3-153B77212930}
	EndGlobalSection
	GlobalSection(ExtensibilityGlobals) = postSolution
		SolutionGuid = {1CA7DD5E-438E-49FD-996B-AC74ED9852DF}
	EndGlobalSection
EndGlobal
